{
  "originHash" : "f69c5e0ee873b5f2dbc322d964bd65535e7aa1c8a266e68a934a9c65110bd3b6",
  "pins" : [
    {
      "identity" : "apnswift",
      "kind" : "remoteSourceControl",
      "location" : "https://github.com/swift-server-community/APNSwift.git",
      "state" : {
        "revision" : "f407b435d28456c2568cc2713a226cd06a5d5736",
        "version" : "6.1.0"
      }
    },
    {
      "identity" : "async-http-client",
      "kind" : "remoteSourceControl",
      "location" : "https://github.com/swift-server/async-http-client.git",
      "state" : {
        "revision" : "60235983163d040f343a489f7e2e77c1918a8bd9",
        "version" : "1.26.1"
      }
    },
    {
      "identity" : "clustermap",
      "kind" : "remoteSourceControl",
      "location" : "https://github.com/vospennikov/ClusterMap.git",
      "state" : {
        "revision" : "f3e60a742e6d3c149ce5d0c7424f373ef1b38140",
        "version" : "2.1.1"
      }
    },
    {
      "identity" : "hummingbird",
      "kind" : "remoteSourceControl",
      "location" : "https://github.com/hummingbird-project/hummingbird.git",
      "state" : {
        "revision" : "3ae359b1bb1e72378ed43b59fdcd4d44cac5d7a4",
        "version" : "2.16.0"
      }
    },
    {
      "identity" : "hummingbird-postgres",
      "kind" : "remoteSourceControl",
      "location" : "https://github.com/hummingbird-project/hummingbird-postgres.git",
      "state" : {
        "revision" : "5e2ad7c6449e749069156bce3dc0e408bcc8b9fe",
        "version" : "0.8.0"
      }
    },
    {
      "identity" : "hummingbird-redis",
      "kind" : "remoteSourceControl",
      "location" : "https://github.com/hummingbird-project/hummingbird-redis.git",
      "state" : {
        "revision" : "3218ec5c145669b39ce4b4a27930987b4ee7c03d",
        "version" : "2.0.0"
      }
    },
    {
      "identity" : "jwt-kit",
      "kind" : "remoteSourceControl",
      "location" : "https://github.com/vapor/jwt-kit.git",
      "state" : {
        "revision" : "2033b3e661238dda3d30e36a2d40987499d987de",
        "version" : "5.2.0"
      }
    },
    {
      "identity" : "nuke",
      "kind" : "remoteSourceControl",
      "location" : "https://github.com/kean/Nuke.git",
      "state" : {
        "revision" : "0ead44350d2737db384908569c012fe67c421e4d",
        "version" : "12.8.0"
      }
    },
    {
      "identity" : "openai",
      "kind" : "remoteSourceControl",
      "location" : "https://github.com/MacPaw/OpenAI.git",
      "state" : {
        "revision" : "7eef412b26b0b2af6add548bb60f25f306b41ee2",
        "version" : "0.4.1"
      }
    },
    {
      "identity" : "pgmq-swift",
      "kind" : "remoteSourceControl",
      "location" : "https://github.com/villeheikkila/pgmq-swift",
      "state" : {
        "revision" : "f647fa3293133464a604eb6002f38ada5fe63c0c",
        "version" : "0.0.9"
      }
    },
    {
      "identity" : "postgres-migrations",
      "kind" : "remoteSourceControl",
      "location" : "https://github.com/hummingbird-project/postgres-migrations",
      "state" : {
        "revision" : "2c2dee76b220641fc2c5347c6e81c7650f5aa3d9",
        "version" : "0.1.0"
      }
    },
    {
      "identity" : "postgres-nio",
      "kind" : "remoteSourceControl",
      "location" : "https://github.com/vapor/postgres-nio.git",
      "state" : {
        "revision" : "8ee6118c03501196be183b0938d2ec4478c18954",
        "version" : "1.27.0"
      }
    },
    {
      "identity" : "redistack",
      "kind" : "remoteSourceControl",
      "location" : "https://github.com/swift-server/RediStack.git",
      "state" : {
        "revision" : "622ce440f90d79b58e45f3a3efdd64c51d1dfd17",
        "version" : "1.6.2"
      }
    },
    {
      "identity" : "swift-algorithms",
      "kind" : "remoteSourceControl",
      "location" : "https://github.com/apple/swift-algorithms.git",
      "state" : {
        "revision" : "87e50f483c54e6efd60e885f7f5aa946cee68023",
        "version" : "1.2.1"
      }
    },
    {
      "identity" : "swift-argument-parser",
      "kind" : "remoteSourceControl",
      "location" : "https://github.com/apple/swift-argument-parser.git",
      "state" : {
        "revision" : "309a47b2b1d9b5e991f36961c983ecec72275be3",
        "version" : "1.6.1"
      }
    },
    {
      "identity" : "swift-asn1",
      "kind" : "remoteSourceControl",
      "location" : "https://github.com/apple/swift-asn1.git",
      "state" : {
        "revision" : "f70225981241859eb4aa1a18a75531d26637c8cc",
        "version" : "1.4.0"
      }
    },
    {
      "identity" : "swift-async-algorithms",
      "kind" : "remoteSourceControl",
      "location" : "https://github.com/apple/swift-async-algorithms.git",
      "state" : {
        "revision" : "042e1c4d9d19748c9c228f8d4ebc97bb1e339b0b",
        "version" : "1.0.4"
      }
    },
    {
      "identity" : "swift-atomics",
      "kind" : "remoteSourceControl",
      "location" : "https://github.com/apple/swift-atomics.git",
      "state" : {
        "revision" : "b601256eab081c0f92f059e12818ac1d4f178ff7",
        "version" : "1.3.0"
      }
    },
    {
      "identity" : "swift-certificates",
      "kind" : "remoteSourceControl",
      "location" : "https://github.com/apple/swift-certificates.git",
      "state" : {
        "revision" : "c059d9c9d08d6654b9a92dda93d9049a278964c6",
        "version" : "1.12.0"
      }
    },
    {
      "identity" : "swift-collections",
      "kind" : "remoteSourceControl",
      "location" : "https://github.com/apple/swift-collections.git",
      "state" : {
        "revision" : "8c0c0a8b49e080e54e5e328cc552821ff07cd341",
        "version" : "1.2.1"
      }
    },
    {
      "identity" : "swift-configuration",
      "kind" : "remoteSourceControl",
      "location" : "https://github.com/apple/swift-configuration",
      "state" : {
        "revision" : "7e5bc11e2c455da4aa8b73f4be356d7f0c3dc763",
        "version" : "0.1.1"
      }
    },
    {
      "identity" : "swift-crypto",
      "kind" : "remoteSourceControl",
      "location" : "https://github.com/apple/swift-crypto.git",
      "state" : {
        "revision" : "d1c6b70f7c5f19fb0b8750cb8dcdf2ea6e2d8c34",
        "version" : "3.15.0"
      }
    },
    {
      "identity" : "swift-distributed-tracing",
      "kind" : "remoteSourceControl",
      "location" : "https://github.com/apple/swift-distributed-tracing.git",
      "state" : {
        "revision" : "b78796709d243d5438b36e74ce3c5ec2d2ece4d8",
        "version" : "1.2.1"
      }
    },
    {
      "identity" : "swift-http-structured-headers",
      "kind" : "remoteSourceControl",
      "location" : "https://github.com/apple/swift-http-structured-headers.git",
      "state" : {
        "revision" : "1625f271afb04375bf48737a5572613248d0e7a0",
        "version" : "1.4.0"
      }
    },
    {
      "identity" : "swift-http-types",
      "kind" : "remoteSourceControl",
      "location" : "https://github.com/apple/swift-http-types.git",
      "state" : {
        "revision" : "a0a57e949a8903563aba4615869310c0ebf14c03",
        "version" : "1.4.0"
      }
    },
    {
      "identity" : "swift-log",
      "kind" : "remoteSourceControl",
      "location" : "https://github.com/apple/swift-log.git",
      "state" : {
        "revision" : "ce592ae52f982c847a4efc0dd881cc9eb32d29f2",
        "version" : "1.6.4"
      }
    },
    {
      "identity" : "swift-log-telegram",
      "kind" : "remoteSourceControl",
      "location" : "https://github.com/villeheikkila/swift-log-telegram",
      "state" : {
        "revision" : "820b9ddcf30129e0a8ebf1cb34e434e44ed1ab5d",
        "version" : "0.0.3"
      }
    },
    {
      "identity" : "swift-metrics",
      "kind" : "remoteSourceControl",
      "location" : "https://github.com/apple/swift-metrics.git",
      "state" : {
        "revision" : "4c83e1cdf4ba538ef6e43a9bbd0bcc33a0ca46e3",
        "version" : "2.7.0"
      }
    },
    {
      "identity" : "swift-nio",
      "kind" : "remoteSourceControl",
      "location" : "https://github.com/apple/swift-nio.git",
      "state" : {
        "revision" : "1c30f0f2053b654e3d1302492124aa6d242cdba7",
        "version" : "2.86.0"
      }
    },
    {
      "identity" : "swift-nio-extras",
      "kind" : "remoteSourceControl",
      "location" : "https://github.com/apple/swift-nio-extras.git",
      "state" : {
        "revision" : "a55c3dd3a81d035af8a20ce5718889c0dcab073d",
        "version" : "1.29.0"
      }
    },
    {
      "identity" : "swift-nio-http2",
      "kind" : "remoteSourceControl",
      "location" : "https://github.com/apple/swift-nio-http2.git",
      "state" : {
        "revision" : "5e9e99ec96c53bc2c18ddd10c1e25a3cd97c55e5",
        "version" : "1.38.0"
      }
    },
    {
      "identity" : "swift-nio-ssl",
      "kind" : "remoteSourceControl",
      "location" : "https://github.com/apple/swift-nio-ssl.git",
      "state" : {
        "revision" : "385f5bd783ffbfff46b246a7db7be8e4f04c53bd",
        "version" : "2.33.0"
      }
    },
    {
      "identity" : "swift-nio-transport-services",
      "kind" : "remoteSourceControl",
      "location" : "https://github.com/apple/swift-nio-transport-services.git",
      "state" : {
        "revision" : "e645014baea2ec1c2db564410c51a656cf47c923",
        "version" : "1.25.1"
      }
    },
    {
      "identity" : "swift-numerics",
      "kind" : "remoteSourceControl",
      "location" : "https://github.com/apple/swift-numerics.git",
      "state" : {
        "revision" : "e0ec0f5f3af6f3e4d5e7a19d2af26b481acb6ba8",
        "version" : "1.0.3"
      }
    },
    {
      "identity" : "swift-service-context",
      "kind" : "remoteSourceControl",
      "location" : "https://github.com/apple/swift-service-context.git",
      "state" : {
        "revision" : "1983448fefc717a2bc2ebde5490fe99873c5b8a6",
        "version" : "1.2.1"
      }
    },
    {
      "identity" : "swift-service-lifecycle",
      "kind" : "remoteSourceControl",
      "location" : "https://github.com/swift-server/swift-service-lifecycle.git",
      "state" : {
        "revision" : "e7187309187695115033536e8fc9b2eb87fd956d",
        "version" : "2.8.0"
      }
    },
    {
      "identity" : "swift-system",
      "kind" : "remoteSourceControl",
      "location" : "https://github.com/apple/swift-system.git",
      "state" : {
        "revision" : "890830fff1a577dc83134890c7984020c5f6b43b",
        "version" : "1.6.2"
      }
    },
    {
      "identity" : "swift-tagged",
      "kind" : "remoteSourceControl",
      "location" : "https://github.com/pointfreeco/swift-tagged",
      "state" : {
        "revision" : "3907a9438f5b57d317001dc99f3f11b46882272b",
        "version" : "0.10.0"
      }
    }
  ],
  "version" : 3
}
